// !$*UTF8*$!
{
	archiveVersion = 1;
	classes = {
	};
	objectVersion = 56;
	objects = {

/* Begin PBXBuildFile section */
		B41F44B42B18150F0082BC8E /* TestEntity.swift in Sources */ = {isa = PBXBuildFile; fileRef = B41F44B32B18150F0082BC8E /* TestEntity.swift */; };
		B47A768E2B10649000F96E81 /* ReusableRealmSwiftExampleApp.swift in Sources */ = {isa = PBXBuildFile; fileRef = B47A768D2B10649000F96E81 /* ReusableRealmSwiftExampleApp.swift */; };
		B47A76902B10649000F96E81 /* ContentView.swift in Sources */ = {isa = PBXBuildFile; fileRef = B47A768F2B10649000F96E81 /* ContentView.swift */; };
		B47A76922B10649100F96E81 /* Assets.xcassets in Resources */ = {isa = PBXBuildFile; fileRef = B47A76912B10649100F96E81 /* Assets.xcassets */; };
		B47A76952B10649100F96E81 /* Preview Assets.xcassets in Resources */ = {isa = PBXBuildFile; fileRef = B47A76942B10649100F96E81 /* Preview Assets.xcassets */; };
		B47A769F2B10649200F96E81 /* ReusableRealmSwiftExampleTests.swift in Sources */ = {isa = PBXBuildFile; fileRef = B47A769E2B10649200F96E81 /* ReusableRealmSwiftExampleTests.swift */; };
		B47A76A92B10649200F96E81 /* ReusableRealmSwiftExampleUITests.swift in Sources */ = {isa = PBXBuildFile; fileRef = B47A76A82B10649200F96E81 /* ReusableRealmSwiftExampleUITests.swift */; };
		B47A76AB2B10649200F96E81 /* ReusableRealmSwiftExampleUITestsLaunchTests.swift in Sources */ = {isa = PBXBuildFile; fileRef = B47A76AA2B10649200F96E81 /* ReusableRealmSwiftExampleUITestsLaunchTests.swift */; };
		B47A76B92B10652400F96E81 /* LocalStorage.swift in Sources */ = {isa = PBXBuildFile; fileRef = B47A76B82B10652400F96E81 /* LocalStorage.swift */; };
		B47A76BB2B1065B500F96E81 /* Realm in Frameworks */ = {isa = PBXBuildFile; productRef = B47A76BA2B1065B500F96E81 /* Realm */; };
		B47A76BD2B1065B500F96E81 /* RealmSwift in Frameworks */ = {isa = PBXBuildFile; productRef = B47A76BC2B1065B500F96E81 /* RealmSwift */; };
/* End PBXBuildFile section */

/* Begin PBXContainerItemProxy section */
		B47A769B2B10649200F96E81 /* PBXContainerItemProxy */ = {
			isa = PBXContainerItemProxy;
			containerPortal = B47A76822B10649000F96E81 /* Project object */;
			proxyType = 1;
			remoteGlobalIDString = B47A76892B10649000F96E81;
			remoteInfo = ReusableRealmSwiftExample;
		};
		B47A76A52B10649200F96E81 /* PBXContainerItemProxy */ = {
			isa = PBXContainerItemProxy;
			containerPortal = B47A76822B10649000F96E81 /* Project object */;
			proxyType = 1;
			remoteGlobalIDString = B47A76892B10649000F96E81;
			remoteInfo = ReusableRealmSwiftExample;
		};
/* End PBXContainerItemProxy section */

/* Begin PBXFileReference section */
		B41F44B32B18150F0082BC8E /* TestEntity.swift */ = {isa = PBXFileReference; lastKnownFileType = sourcecode.swift; path = TestEntity.swift; sourceTree = "<group>"; };
		B47A768A2B10649000F96E81 /* ReusableRealmSwiftExample.app */ = {isa = PBXFileReference; explicitFileType = wrapper.application; includeInIndex = 0; path = ReusableRealmSwiftExample.app; sourceTree = BUILT_PRODUCTS_DIR; };
		B47A768D2B10649000F96E81 /* ReusableRealmSwiftExampleApp.swift */ = {isa = PBXFileReference; lastKnownFileType = sourcecode.swift; path = ReusableRealmSwiftExampleApp.swift; sourceTree = "<group>"; };
		B47A768F2B10649000F96E81 /* ContentView.swift */ = {isa = PBXFileReference; lastKnownFileType = sourcecode.swift; path = ContentView.swift; sourceTree = "<group>"; };
		B47A76912B10649100F96E81 /* Assets.xcassets */ = {isa = PBXFileReference; lastKnownFileType = folder.assetcatalog; path = Assets.xcassets; sourceTree = "<group>"; };
		B47A76942B10649100F96E81 /* Preview Assets.xcassets */ = {isa = PBXFileReference; lastKnownFileType = folder.assetcatalog; path = "Preview Assets.xcassets"; sourceTree = "<group>"; };
		B47A769A2B10649200F96E81 /* ReusableRealmSwiftExampleTests.xctest */ = {isa = PBXFileReference; explicitFileType = wrapper.cfbundle; includeInIndex = 0; path = ReusableRealmSwiftExampleTests.xctest; sourceTree = BUILT_PRODUCTS_DIR; };
		B47A769E2B10649200F96E81 /* ReusableRealmSwiftExampleTests.swift */ = {isa = PBXFileReference; lastKnownFileType = sourcecode.swift; path = ReusableRealmSwiftExampleTests.swift; sourceTree = "<group>"; };
		B47A76A42B10649200F96E81 /* ReusableRealmSwiftExampleUITests.xctest */ = {isa = PBXFileReference; explicitFileType = wrapper.cfbundle; includeInIndex = 0; path = ReusableRealmSwiftExampleUITests.xctest; sourceTree = BUILT_PRODUCTS_DIR; };
		B47A76A82B10649200F96E81 /* ReusableRealmSwiftExampleUITests.swift */ = {isa = PBXFileReference; lastKnownFileType = sourcecode.swift; path = ReusableRealmSwiftExampleUITests.swift; sourceTree = "<group>"; };
		B47A76AA2B10649200F96E81 /* ReusableRealmSwiftExampleUITestsLaunchTests.swift */ = {isa = PBXFileReference; lastKnownFileType = sourcecode.swift; path = ReusableRealmSwiftExampleUITestsLaunchTests.swift; sourceTree = "<group>"; };
		B47A76B82B10652400F96E81 /* LocalStorage.swift */ = {isa = PBXFileReference; lastKnownFileType = sourcecode.swift; path = LocalStorage.swift; sourceTree = "<group>"; };
/* End PBXFileReference section */

/* Begin PBXFrameworksBuildPhase section */
		B47A76872B10649000F96E81 /* Frameworks */ = {
			isa = PBXFrameworksBuildPhase;
			buildActionMask = 2147483647;
			files = (
				B47A76BD2B1065B500F96E81 /* RealmSwift in Frameworks */,
				B47A76BB2B1065B500F96E81 /* Realm in Frameworks */,
			);
			runOnlyForDeploymentPostprocessing = 0;
		};
		B47A76972B10649200F96E81 /* Frameworks */ = {
			isa = PBXFrameworksBuildPhase;
			buildActionMask = 2147483647;
			files = (
			);
			runOnlyForDeploymentPostprocessing = 0;
		};
		B47A76A12B10649200F96E81 /* Frameworks */ = {
			isa = PBXFrameworksBuildPhase;
			buildActionMask = 2147483647;
			files = (
			);
			runOnlyForDeploymentPostprocessing = 0;
		};
/* End PBXFrameworksBuildPhase section */

/* Begin PBXGroup section */
		B47A76812B10649000F96E81 = {
			isa = PBXGroup;
			children = (
				B47A768C2B10649000F96E81 /* ReusableRealmSwiftExample */,
				B47A769D2B10649200F96E81 /* ReusableRealmSwiftExampleTests */,
				B47A76A72B10649200F96E81 /* ReusableRealmSwiftExampleUITests */,
				B47A768B2B10649000F96E81 /* Products */,
			);
			sourceTree = "<group>";
		};
		B47A768B2B10649000F96E81 /* Products */ = {
			isa = PBXGroup;
			children = (
				B47A768A2B10649000F96E81 /* ReusableRealmSwiftExample.app */,
				B47A769A2B10649200F96E81 /* ReusableRealmSwiftExampleTests.xctest */,
				B47A76A42B10649200F96E81 /* ReusableRealmSwiftExampleUITests.xctest */,
			);
			name = Products;
			sourceTree = "<group>";
		};
		B47A768C2B10649000F96E81 /* ReusableRealmSwiftExample */ = {
			isa = PBXGroup;
			children = (
				B47A768D2B10649000F96E81 /* ReusableRealmSwiftExampleApp.swift */,
				B47A768F2B10649000F96E81 /* ContentView.swift */,
				B47A76912B10649100F96E81 /* Assets.xcassets */,
				B47A76932B10649100F96E81 /* Preview Content */,
				B47A76B82B10652400F96E81 /* LocalStorage.swift */,
				B41F44B32B18150F0082BC8E /* TestEntity.swift */,
			);
			path = ReusableRealmSwiftExample;
			sourceTree = "<group>";
		};
		B47A76932B10649100F96E81 /* Preview Content */ = {
			isa = PBXGroup;
			children = (
				B47A76942B10649100F96E81 /* Preview Assets.xcassets */,
			);
			path = "Preview Content";
			sourceTree = "<group>";
		};
		B47A769D2B10649200F96E81 /* ReusableRealmSwiftExampleTests */ = {
			isa = PBXGroup;
			children = (
				B47A769E2B10649200F96E81 /* ReusableRealmSwiftExampleTests.swift */,
			);
			path = ReusableRealmSwiftExampleTests;
			sourceTree = "<group>";
		};
		B47A76A72B10649200F96E81 /* ReusableRealmSwiftExampleUITests */ = {
			isa = PBXGroup;
			children = (
				B47A76A82B10649200F96E81 /* ReusableRealmSwiftExampleUITests.swift */,
				B47A76AA2B10649200F96E81 /* ReusableRealmSwiftExampleUITestsLaunchTests.swift */,
			);
			path = ReusableRealmSwiftExampleUITests;
			sourceTree = "<group>";
		};
/* End PBXGroup section */

/* Begin PBXNativeTarget section */
		B47A76892B10649000F96E81 /* ReusableRealmSwiftExample */ = {
			isa = PBXNativeTarget;
			buildConfigurationList = B47A76AE2B10649200F96E81 /* Build configuration list for PBXNativeTarget "ReusableRealmSwiftExample" */;
			buildPhases = (
				B47A76862B10649000F96E81 /* Sources */,
				B47A76872B10649000F96E81 /* Frameworks */,
				B47A76882B10649000F96E81 /* Resources */,
			);
			buildRules = (
			);
			dependencies = (
			);
			name = ReusableRealmSwiftExample;
			packageProductDependencies = (
				B47A76BA2B1065B500F96E81 /* Realm */,
				B47A76BC2B1065B500F96E81 /* RealmSwift */,
			);
			productName = ReusableRealmSwiftExample;
			productReference = B47A768A2B10649000F96E81 /* ReusableRealmSwiftExample.app */;
			productType = "com.apple.product-type.application";
		};
		B47A76992B10649200F96E81 /* ReusableRealmSwiftExampleTests */ = {
			isa = PBXNativeTarget;
			buildConfigurationList = B47A76B12B10649200F96E81 /* Build configuration list for PBXNativeTarget "ReusableRealmSwiftExampleTests" */;
			buildPhases = (
				B47A76962B10649200F96E81 /* Sources */,
				B47A76972B10649200F96E81 /* Frameworks */,
				B47A76982B10649200F96E81 /* Resources */,
			);
			buildRules = (
			);
			dependencies = (
				B47A769C2B10649200F96E81 /* PBXTargetDependency */,
			);
			name = ReusableRealmSwiftExampleTests;
			productName = ReusableRealmSwiftExampleTests;
			productReference = B47A769A2B10649200F96E81 /* ReusableRealmSwiftExampleTests.xctest */;
			productType = "com.apple.product-type.bundle.unit-test";
		};
		B47A76A32B10649200F96E81 /* ReusableRealmSwiftExampleUITests */ = {
			isa = PBXNativeTarget;
			buildConfigurationList = B47A76B42B10649200F96E81 /* Build configuration list for PBXNativeTarget "ReusableRealmSwiftExampleUITests" */;
			buildPhases = (
				B47A76A02B10649200F96E81 /* Sources */,
				B47A76A12B10649200F96E81 /* Frameworks */,
				B47A76A22B10649200F96E81 /* Resources */,
			);
			buildRules = (
			);
			dependencies = (
				B47A76A62B10649200F96E81 /* PBXTargetDependency */,
			);
			name = ReusableRealmSwiftExampleUITests;
			productName = ReusableRealmSwiftExampleUITests;
			productReference = B47A76A42B10649200F96E81 /* ReusableRealmSwiftExampleUITests.xctest */;
			productType = "com.apple.product-type.bundle.ui-testing";
		};
/* End PBXNativeTarget section */

/* Begin PBXProject section */
		B47A76822B10649000F96E81 /* Project object */ = {
			isa = PBXProject;
			attributes = {
				BuildIndependentTargetsInParallel = 1;
				LastSwiftUpdateCheck = 1500;
				LastUpgradeCheck = 1500;
				TargetAttributes = {
					B47A76892B10649000F96E81 = {
						CreatedOnToolsVersion = 15.0;
					};
					B47A76992B10649200F96E81 = {
						CreatedOnToolsVersion = 15.0;
						TestTargetID = B47A76892B10649000F96E81;
					};
					B47A76A32B10649200F96E81 = {
						CreatedOnToolsVersion = 15.0;
						TestTargetID = B47A76892B10649000F96E81;
					};
				};
			};
			buildConfigurationList = B47A76852B10649000F96E81 /* Build configuration list for PBXProject "ReusableRealmSwiftExample" */;
			compatibilityVersion = "Xcode 14.0";
			developmentRegion = en;
			hasScannedForEncodings = 0;
			knownRegions = (
				en,
				Base,
			);
			mainGroup = B47A76812B10649000F96E81;
			packageReferences = (
				B47A76B72B1064D900F96E81 /* XCRemoteSwiftPackageReference "realm-swift" */,
			);
			productRefGroup = B47A768B2B10649000F96E81 /* Products */;
			projectDirPath = "";
			projectRoot = "";
			targets = (
				B47A76892B10649000F96E81 /* ReusableRealmSwiftExample */,
				B47A76992B10649200F96E81 /* ReusableRealmSwiftExampleTests */,
				B47A76A32B10649200F96E81 /* ReusableRealmSwiftExampleUITests */,
			);
		};
/* End PBXProject section */

/* Begin PBXResourcesBuildPhase section */
		B47A76882B10649000F96E81 /* Resources */ = {
			isa = PBXResourcesBuildPhase;
			buildActionMask = 2147483647;
			files = (
				B47A76952B10649100F96E81 /* Preview Assets.xcassets in Resources */,
				B47A76922B10649100F96E81 /* Assets.xcassets in Resources */,
			);
			runOnlyForDeploymentPostprocessing = 0;
		};
		B47A76982B10649200F96E81 /* Resources */ = {
			isa = PBXResourcesBuildPhase;
			buildActionMask = 2147483647;
			files = (
			);
			runOnlyForDeploymentPostprocessing = 0;
		};
		B47A76A22B10649200F96E81 /* Resources */ = {
			isa = PBXResourcesBuildPhase;
			buildActionMask = 2147483647;
			files = (
			);
			runOnlyForDeploymentPostprocessing = 0;
		};
/* End PBXResourcesBuildPhase section */

/* Begin PBXSourcesBuildPhase section */
		B47A76862B10649000F96E81 /* Sources */ = {
			isa = PBXSourcesBuildPhase;
			buildActionMask = 2147483647;
			files = (
				B41F44B42B18150F0082BC8E /* TestEntity.swift in Sources */,
				B47A76B92B10652400F96E81 /* LocalStorage.swift in Sources */,
				B47A76902B10649000F96E81 /* ContentView.swift in Sources */,
				B47A768E2B10649000F96E81 /* ReusableRealmSwiftExampleApp.swift in Sources */,
			);
			runOnlyForDeploymentPostprocessing = 0;
		};
		B47A76962B10649200F96E81 /* Sources */ = {
			isa = PBXSourcesBuildPhase;
			buildActionMask = 2147483647;
			files = (
				B47A769F2B10649200F96E81 /* ReusableRealmSwiftExampleTests.swift in Sources */,
			);
			runOnlyForDeploymentPostprocessing = 0;
		};
		B47A76A02B10649200F96E81 /* Sources */ = {
			isa = PBXSourcesBuildPhase;
			buildActionMask = 2147483647;
			files = (
				B47A76AB2B10649200F96E81 /* ReusableRealmSwiftExampleUITestsLaunchTests.swift in Sources */,
				B47A76A92B10649200F96E81 /* ReusableRealmSwiftExampleUITests.swift in Sources */,
			);
			runOnlyForDeploymentPostprocessing = 0;
		};
/* End PBXSourcesBuildPhase section */

/* Begin PBXTargetDependency section */
		B47A769C2B10649200F96E81 /* PBXTargetDependency */ = {
			isa = PBXTargetDependency;
			target = B47A76892B10649000F96E81 /* ReusableRealmSwiftExample */;
			targetProxy = B47A769B2B10649200F96E81 /* PBXContainerItemProxy */;
		};
		B47A76A62B10649200F96E81 /* PBXTargetDependency */ = {
			isa = PBXTargetDependency;
			target = B47A76892B10649000F96E81 /* ReusableRealmSwiftExample */;
			targetProxy = B47A76A52B10649200F96E81 /* PBXContainerItemProxy */;
		};
/* End PBXTargetDependency section */

/* Begin XCBuildConfiguration section */
		B47A76AC2B10649200F96E81 /* Debug */ = {
			isa = XCBuildConfiguration;
			buildSettings = {
				ALWAYS_SEARCH_USER_PATHS = NO;
				ASSETCATALOG_COMPILER_GENERATE_SWIFT_ASSET_SYMBOL_EXTENSIONS = YES;
				CLANG_ANALYZER_NONNULL = YES;
				CLANG_ANALYZER_NUMBER_OBJECT_CONVERSION = YES_AGGRESSIVE;
				CLANG_CXX_LANGUAGE_STANDARD = "gnu++20";
				CLANG_ENABLE_MODULES = YES;
				CLANG_ENABLE_OBJC_ARC = YES;
				CLANG_ENABLE_OBJC_WEAK = YES;
				CLANG_WARN_BLOCK_CAPTURE_AUTORELEASING = YES;
				CLANG_WARN_BOOL_CONVERSION = YES;
				CLANG_WARN_COMMA = YES;
				CLANG_WARN_CONSTANT_CONVERSION = YES;
				CLANG_WARN_DEPRECATED_OBJC_IMPLEMENTATIONS = YES;
				CLANG_WARN_DIRECT_OBJC_ISA_USAGE = YES_ERROR;
				CLANG_WARN_DOCUMENTATION_COMMENTS = YES;
				CLANG_WARN_EMPTY_BODY = YES;
				CLANG_WARN_ENUM_CONVERSION = YES;
				CLANG_WARN_INFINITE_RECURSION = YES;
				CLANG_WARN_INT_CONVERSION = YES;
				CLANG_WARN_NON_LITERAL_NULL_CONVERSION = YES;
				CLANG_WARN_OBJC_IMPLICIT_RETAIN_SELF = YES;
				CLANG_WARN_OBJC_LITERAL_CONVERSION = YES;
				CLANG_WARN_OBJC_ROOT_CLASS = YES_ERROR;
				CLANG_WARN_QUOTED_INCLUDE_IN_FRAMEWORK_HEADER = YES;
				CLANG_WARN_RANGE_LOOP_ANALYSIS = YES;
				CLANG_WARN_STRICT_PROTOTYPES = YES;
				CLANG_WARN_SUSPICIOUS_MOVE = YES;
				CLANG_WARN_UNGUARDED_AVAILABILITY = YES_AGGRESSIVE;
				CLANG_WARN_UNREACHABLE_CODE = YES;
				CLANG_WARN__DUPLICATE_METHOD_MATCH = YES;
				COPY_PHASE_STRIP = NO;
				DEBUG_INFORMATION_FORMAT = dwarf;
				ENABLE_STRICT_OBJC_MSGSEND = YES;
				ENABLE_TESTABILITY = YES;
				ENABLE_USER_SCRIPT_SANDBOXING = YES;
				GCC_C_LANGUAGE_STANDARD = gnu17;
				GCC_DYNAMIC_NO_PIC = NO;
				GCC_NO_COMMON_BLOCKS = YES;
				GCC_OPTIMIZATION_LEVEL = 0;
				GCC_PREPROCESSOR_DEFINITIONS = (
					"DEBUG=1",
					"$(inherited)",
				);
				GCC_WARN_64_TO_32_BIT_CONVERSION = YES;
				GCC_WARN_ABOUT_RETURN_TYPE = YES_ERROR;
				GCC_WARN_UNDECLARED_SELECTOR = YES;
				GCC_WARN_UNINITIALIZED_AUTOS = YES_AGGRESSIVE;
				GCC_WARN_UNUSED_FUNCTION = YES;
				GCC_WARN_UNUSED_VARIABLE = YES;
				IPHONEOS_DEPLOYMENT_TARGET = 17.0;
				LOCALIZATION_PREFERS_STRING_CATALOGS = YES;
				MTL_ENABLE_DEBUG_INFO = INCLUDE_SOURCE;
				MTL_FAST_MATH = YES;
				ONLY_ACTIVE_ARCH = YES;
				SDKROOT = iphoneos;
				SWIFT_ACTIVE_COMPILATION_CONDITIONS = "DEBUG $(inherited)";
				SWIFT_OPTIMIZATION_LEVEL = "-Onone";
			};
			name = Debug;
		};
		B47A76AD2B10649200F96E81 /* Release */ = {
			isa = XCBuildConfiguration;
			buildSettings = {
				ALWAYS_SEARCH_USER_PATHS = NO;
				ASSETCATALOG_COMPILER_GENERATE_SWIFT_ASSET_SYMBOL_EXTENSIONS = YES;
				CLANG_ANALYZER_NONNULL = YES;
				CLANG_ANALYZER_NUMBER_OBJECT_CONVERSION = YES_AGGRESSIVE;
				CLANG_CXX_LANGUAGE_STANDARD = "gnu++20";
				CLANG_ENABLE_MODULES = YES;
				CLANG_ENABLE_OBJC_ARC = YES;
				CLANG_ENABLE_OBJC_WEAK = YES;
				CLANG_WARN_BLOCK_CAPTURE_AUTORELEASING = YES;
				CLANG_WARN_BOOL_CONVERSION = YES;
				CLANG_WARN_COMMA = YES;
				CLANG_WARN_CONSTANT_CONVERSION = YES;
				CLANG_WARN_DEPRECATED_OBJC_IMPLEMENTATIONS = YES;
				CLANG_WARN_DIRECT_OBJC_ISA_USAGE = YES_ERROR;
				CLANG_WARN_DOCUMENTATION_COMMENTS = YES;
				CLANG_WARN_EMPTY_BODY = YES;
				CLANG_WARN_ENUM_CONVERSION = YES;
				CLANG_WARN_INFINITE_RECURSION = YES;
				CLANG_WARN_INT_CONVERSION = YES;
				CLANG_WARN_NON_LITERAL_NULL_CONVERSION = YES;
				CLANG_WARN_OBJC_IMPLICIT_RETAIN_SELF = YES;
				CLANG_WARN_OBJC_LITERAL_CONVERSION = YES;
				CLANG_WARN_OBJC_ROOT_CLASS = YES_ERROR;
				CLANG_WARN_QUOTED_INCLUDE_IN_FRAMEWORK_HEADER = YES;
				CLANG_WARN_RANGE_LOOP_ANALYSIS = YES;
				CLANG_WARN_STRICT_PROTOTYPES = YES;
				CLANG_WARN_SUSPICIOUS_MOVE = YES;
				CLANG_WARN_UNGUARDED_AVAILABILITY = YES_AGGRESSIVE;
				CLANG_WARN_UNREACHABLE_CODE = YES;
				CLANG_WARN__DUPLICATE_METHOD_MATCH = YES;
				COPY_PHASE_STRIP = NO;
				DEBUG_INFORMATION_FORMAT = "dwarf-with-dsym";
				ENABLE_NS_ASSERTIONS = NO;
				ENABLE_STRICT_OBJC_MSGSEND = YES;
				ENABLE_USER_SCRIPT_SANDBOXING = YES;
				GCC_C_LANGUAGE_STANDARD = gnu17;
				GCC_NO_COMMON_BLOCKS = YES;
				GCC_WARN_64_TO_32_BIT_CONVERSION = YES;
				GCC_WARN_ABOUT_RETURN_TYPE = YES_ERROR;
				GCC_WARN_UNDECLARED_SELECTOR = YES;
				GCC_WARN_UNINITIALIZED_AUTOS = YES_AGGRESSIVE;
				GCC_WARN_UNUSED_FUNCTION = YES;
				GCC_WARN_UNUSED_VARIABLE = YES;
				IPHONEOS_DEPLOYMENT_TARGET = 17.0;
				LOCALIZATION_PREFERS_STRING_CATALOGS = YES;
				MTL_ENABLE_DEBUG_INFO = NO;
				MTL_FAST_MATH = YES;
				SDKROOT = iphoneos;
				SWIFT_COMPILATION_MODE = wholemodule;
				VALIDATE_PRODUCT = YES;
			};
			name = Release;
		};
		B47A76AF2B10649200F96E81 /* Debug */ = {
			isa = XCBuildConfiguration;
			buildSettings = {
				ASSETCATALOG_COMPILER_APPICON_NAME = AppIcon;
				ASSETCATALOG_COMPILER_GLOBAL_ACCENT_COLOR_NAME = AccentColor;
				CODE_SIGN_STYLE = Automatic;
				CURRENT_PROJECT_VERSION = 1;
				DEVELOPMENT_ASSET_PATHS = "\"ReusableRealmSwiftExample/Preview Content\"";
				DEVELOPMENT_TEAM = RK59GQS73A;
				ENABLE_PREVIEWS = YES;
				GENERATE_INFOPLIST_FILE = YES;
				INFOPLIST_KEY_UIApplicationSceneManifest_Generation = YES;
				INFOPLIST_KEY_UIApplicationSupportsIndirectInputEvents = YES;
				INFOPLIST_KEY_UILaunchScreen_Generation = YES;
				INFOPLIST_KEY_UISupportedInterfaceOrientations_iPad = "UIInterfaceOrientationPortrait UIInterfaceOrientationPortraitUpsideDown UIInterfaceOrientationLandscapeLeft UIInterfaceOrientationLandscapeRight";
				INFOPLIST_KEY_UISupportedInterfaceOrientations_iPhone = "UIInterfaceOrientationPortrait UIInterfaceOrientationLandscapeLeft UIInterfaceOrientationLandscapeRight";
				LD_RUNPATH_SEARCH_PATHS = (
					"$(inherited)",
					"@executable_path/Frameworks",
				);
				MARKETING_VERSION = 1.0;
				PRODUCT_BUNDLE_IDENTIFIER = net.teddyLab.ReusableRealmSwiftExample;
				PRODUCT_NAME = "$(TARGET_NAME)";
				SWIFT_EMIT_LOC_STRINGS = YES;
				SWIFT_VERSION = 5.0;
				TARGETED_DEVICE_FAMILY = "1,2";
			};
			name = Debug;
		};
		B47A76B02B10649200F96E81 /* Release */ = {
			isa = XCBuildConfiguration;
			buildSettings = {
				ASSETCATALOG_COMPILER_APPICON_NAME = AppIcon;
				ASSETCATALOG_COMPILER_GLOBAL_ACCENT_COLOR_NAME = AccentColor;
				CODE_SIGN_STYLE = Automatic;
				CURRENT_PROJECT_VERSION = 1;
				DEVELOPMENT_ASSET_PATHS = "\"ReusableRealmSwiftExample/Preview Content\"";
				DEVELOPMENT_TEAM = RK59GQS73A;
				ENABLE_PREVIEWS = YES;
				GENERATE_INFOPLIST_FILE = YES;
				INFOPLIST_KEY_UIApplicationSceneManifest_Generation = YES;
				INFOPLIST_KEY_UIApplicationSupportsIndirectInputEvents = YES;
				INFOPLIST_KEY_UILaunchScreen_Generation = YES;
				INFOPLIST_KEY_UISupportedInterfaceOrientations_iPad = "UIInterfaceOrientationPortrait UIInterfaceOrientationPortraitUpsideDown UIInterfaceOrientationLandscapeLeft UIInterfaceOrientationLandscapeRight";
				INFOPLIST_KEY_UISupportedInterfaceOrientations_iPhone = "UIInterfaceOrientationPortrait UIInterfaceOrientationLandscapeLeft UIInterfaceOrientationLandscapeRight";
				LD_RUNPATH_SEARCH_PATHS = (
					"$(inherited)",
					"@executable_path/Frameworks",
				);
				MARKETING_VERSION = 1.0;
				PRODUCT_BUNDLE_IDENTIFIER = net.teddyLab.ReusableRealmSwiftExample;
				PRODUCT_NAME = "$(TARGET_NAME)";
				SWIFT_EMIT_LOC_STRINGS = YES;
				SWIFT_VERSION = 5.0;
				TARGETED_DEVICE_FAMILY = "1,2";
			};
			name = Release;
		};
		B47A76B22B10649200F96E81 /* Debug */ = {
			isa = XCBuildConfiguration;
			buildSettings = {
				ALWAYS_EMBED_SWIFT_STANDARD_LIBRARIES = YES;
				BUNDLE_LOADER = "$(TEST_HOST)";
				CODE_SIGN_STYLE = Automatic;
				CURRENT_PROJECT_VERSION = 1;
				DEVELOPMENT_TEAM = RK59GQS73A;
				GENERATE_INFOPLIST_FILE = YES;
				IPHONEOS_DEPLOYMENT_TARGET = 17.0;
				MARKETING_VERSION = 1.0;
				PRODUCT_BUNDLE_IDENTIFIER = net.teddyLab.ReusableRealmSwiftExampleTests;
				PRODUCT_NAME = "$(TARGET_NAME)";
				SWIFT_EMIT_LOC_STRINGS = NO;
				SWIFT_VERSION = 5.0;
				TARGETED_DEVICE_FAMILY = "1,2";
				TEST_HOST = "$(BUILT_PRODUCTS_DIR)/ReusableRealmSwiftExample.app/$(BUNDLE_EXECUTABLE_FOLDER_PATH)/ReusableRealmSwiftExample";
			};
			name = Debug;
		};
		B47A76B32B10649200F96E81 /* Release */ = {
			isa = XCBuildConfiguration;
			buildSettings = {
				ALWAYS_EMBED_SWIFT_STANDARD_LIBRARIES = YES;
				BUNDLE_LOADER = "$(TEST_HOST)";
				CODE_SIGN_STYLE = Automatic;
				CURRENT_PROJECT_VERSION = 1;
				DEVELOPMENT_TEAM = RK59GQS73A;
				GENERATE_INFOPLIST_FILE = YES;
				IPHONEOS_DEPLOYMENT_TARGET = 17.0;
				MARKETING_VERSION = 1.0;
				PRODUCT_BUNDLE_IDENTIFIER = net.teddyLab.ReusableRealmSwiftExampleTests;
				PRODUCT_NAME = "$(TARGET_NAME)";
				SWIFT_EMIT_LOC_STRINGS = NO;
				SWIFT_VERSION = 5.0;
				TARGETED_DEVICE_FAMILY = "1,2";
				TEST_HOST = "$(BUILT_PRODUCTS_DIR)/ReusableRealmSwiftExample.app/$(BUNDLE_EXECUTABLE_FOLDER_PATH)/ReusableRealmSwiftExample";
			};
			name = Release;
		};
		B47A76B52B10649200F96E81 /* Debug */ = {
			isa = XCBuildConfiguration;
			buildSettings = {
				ALWAYS_EMBED_SWIFT_STANDARD_LIBRARIES = YES;
				CODE_SIGN_STYLE = Automatic;
				CURRENT_PROJECT_VERSION = 1;
				DEVELOPMENT_TEAM = RK59GQS73A;
				GENERATE_INFOPLIST_FILE = YES;
				MARKETING_VERSION = 1.0;
				PRODUCT_BUNDLE_IDENTIFIER = net.teddyLab.ReusableRealmSwiftExampleUITests;
				PRODUCT_NAME = "$(TARGET_NAME)";
				SWIFT_EMIT_LOC_STRINGS = NO;
				SWIFT_VERSION = 5.0;
				TARGETED_DEVICE_FAMILY = "1,2";
				TEST_TARGET_NAME = ReusableRealmSwiftExample;
			};
			name = Debug;
		};
		B47A76B62B10649200F96E81 /* Release */ = {
			isa = XCBuildConfiguration;
			buildSettings = {
				ALWAYS_EMBED_SWIFT_STANDARD_LIBRARIES = YES;
				CODE_SIGN_STYLE = Automatic;
				CURRENT_PROJECT_VERSION = 1;
				DEVELOPMENT_TEAM = RK59GQS73A;
				GENERATE_INFOPLIST_FILE = YES;
				MARKETING_VERSION = 1.0;
				PRODUCT_BUNDLE_IDENTIFIER = net.teddyLab.ReusableRealmSwiftExampleUITests;
				PRODUCT_NAME = "$(TARGET_NAME)";
				SWIFT_EMIT_LOC_STRINGS = NO;
				SWIFT_VERSION = 5.0;
				TARGETED_DEVICE_FAMILY = "1,2";
				TEST_TARGET_NAME = ReusableRealmSwiftExample;
			};
			name = Release;
		};
/* End XCBuildConfiguration section */

/* Begin XCConfigurationList section */
		B47A76852B10649000F96E81 /* Build configuration list for PBXProject "ReusableRealmSwiftExample" */ = {
			isa = XCConfigurationList;
			buildConfigurations = (
				B47A76AC2B10649200F96E81 /* Debug */,
				B47A76AD2B10649200F96E81 /* Release */,
			);
			defaultConfigurationIsVisible = 0;
			defaultConfigurationName = Release;
		};
		B47A76AE2B10649200F96E81 /* Build configuration list for PBXNativeTarget "ReusableRealmSwiftExample" */ = {
			isa = XCConfigurationList;
			buildConfigurations = (
				B47A76AF2B10649200F96E81 /* Debug */,
				B47A76B02B10649200F96E81 /* Release */,
			);
			defaultConfigurationIsVisible = 0;
			defaultConfigurationName = Release;
		};
		B47A76B12B10649200F96E81 /* Build configuration list for PBXNativeTarget "ReusableRealmSwiftExampleTests" */ = {
			isa = XCConfigurationList;
			buildConfigurations = (
				B47A76B22B10649200F96E81 /* Debug */,
				B47A76B32B10649200F96E81 /* Release */,
			);
			defaultConfigurationIsVisible = 0;
			defaultConfigurationName = Release;
		};
		B47A76B42B10649200F96E81 /* Build configuration list for PBXNativeTarget "ReusableRealmSwiftExampleUITests" */ = {
			isa = XCConfigurationList;
			buildConfigurations = (
				B47A76B52B10649200F96E81 /* Debug */,
				B47A76B62B10649200F96E81 /* Release */,
			);
			defaultConfigurationIsVisible = 0;
			defaultConfigurationName = Release;
		};
/* End XCConfigurationList section */

/* Begin XCRemoteSwiftPackageReference section */
		B47A76B72B1064D900F96E81 /* XCRemoteSwiftPackageReference "realm-swift" */ = {
			isa = XCRemoteSwiftPackageReference;
			repositoryURL = "https://github.com/realm/realm-swift";
			requirement = {
				branch = master;
				kind = branch;
			};
		};
/* End XCRemoteSwiftPackageReference section */

/* Begin XCSwiftPackageProductDependency section */
		B47A76BA2B1065B500F96E81 /* Realm */ = {
			isa = XCSwiftPackageProductDependency;
			package = B47A76B72B1064D900F96E81 /* XCRemoteSwiftPackageReference "realm-swift" */;
			productName = Realm;
		};
		B47A76BC2B1065B500F96E81 /* RealmSwift */ = {
			isa = XCSwiftPackageProductDependency;
			package = B47A76B72B1064D900F96E81 /* XCRemoteSwiftPackageReference "realm-swift" */;
			productName = RealmSwift;
		};
/* End XCSwiftPackageProductDependency section */
	};
	rootObject = B47A76822B10649000F96E81 /* Project object */;
}
